
Microsoft Visual Studio Solution File, Format Version 12.00
# Visual Studio Version 17
VisualStudioVersion = 17.11.35222.181
MinimumVisualStudioVersion = 10.0.40219.1
Project("{FAE04EC0-301F-11D3-BF4B-00C04F79EFBC}") = "Week9Lists", "Week9Lists\Week9Lists.csproj", "{B08623C2-15D4-4330-9E12-EDFF2489BB45}"
EndProject
Global
	GlobalSection(SolutionConfigurationPlatforms) = preSolution
		Debug|Any CPU = Debug|Any CPU
		Release|Any CPU = Release|Any CPU
	EndGlobalSection
	GlobalSection(ProjectConfigurationPlatforms) = postSolution
		{B08623C2-15D4-4330-9E12-EDFF2489BB45}.Debug|Any CPU.ActiveCfg = Debug|Any CPU
		{B08623C2-15D4-4330-9E12-EDFF2489BB45}.Debug|Any CPU.Build.0 = Debug|Any CPU
		{B08623C2-15D4-4330-9E12-EDFF2489BB45}.Release|Any CPU.ActiveCfg = Release|Any CPU
		{B08623C2-15D4-4330-9E12-EDFF2489BB45}.Release|Any CPU.Build.0 = Release|Any CPU
	EndGlobalSection
	GlobalSection(SolutionProperties) = preSolution
		HideSolutionNode = FALSE
	EndGlobalSection
	GlobalSection(ExtensibilityGlobals) = postSolution
		SolutionGuid = {04EED7D6-42F1-4B91-B54E-5A38B8FE9A03}
	EndGlobalSection
EndGlobal
